// !$*UTF8*$!
{
	archiveVersion = 1;
	classes = {
	};
	objectVersion = 46;
	objects = {

/* Begin PBXBuildFile section */
		28FA834A19F47B47003859CE /* main.m in Sources */ = {isa = PBXBuildFile; fileRef = 28FA834919F47B47003859CE /* main.m */; };
		28FA834D19F47B47003859CE /* AppDelegate.m in Sources */ = {isa = PBXBuildFile; fileRef = 28FA834C19F47B47003859CE /* AppDelegate.m */; };
		28FA835519F47B47003859CE /* Images.xcassets in Resources */ = {isa = PBXBuildFile; fileRef = 28FA835419F47B47003859CE /* Images.xcassets */; };
		28FA836419F47B47003859CE /* SecureLoginDelegateTests.m in Sources */ = {isa = PBXBuildFile; fileRef = 28FA836319F47B47003859CE /* SecureLoginDelegateTests.m */; };
		28FA836E19F47C3E003859CE /* MainWindow.xib in Resources */ = {isa = PBXBuildFile; fileRef = 28FA836D19F47C3E003859CE /* MainWindow.xib */; };
		28FA837319F47DA2003859CE /* LoginViewController.m in Sources */ = {isa = PBXBuildFile; fileRef = 28FA837219F47DA2003859CE /* LoginViewController.m */; };
		28FA837419F47DA2003859CE /* LoginViewController.m in Sources */ = {isa = PBXBuildFile; fileRef = 28FA837219F47DA2003859CE /* LoginViewController.m */; };
		28FA837719F47DC1003859CE /* ProtectedDataViewController.m in Sources */ = {isa = PBXBuildFile; fileRef = 28FA837619F47DC1003859CE /* ProtectedDataViewController.m */; };
		28FA837819F47DC1003859CE /* ProtectedDataViewController.m in Sources */ = {isa = PBXBuildFile; fileRef = 28FA837619F47DC1003859CE /* ProtectedDataViewController.m */; };
		28FA838019F483FA003859CE /* SecureDelegateNotifications.m in Sources */ = {isa = PBXBuildFile; fileRef = 28FA837F19F483FA003859CE /* SecureDelegateNotifications.m */; };
		28FA838119F483FA003859CE /* SecureDelegateNotifications.m in Sources */ = {isa = PBXBuildFile; fileRef = 28FA837F19F483FA003859CE /* SecureDelegateNotifications.m */; };
/* End PBXBuildFile section */

/* Begin PBXContainerItemProxy section */
		28FA835E19F47B47003859CE /* PBXContainerItemProxy */ = {
			isa = PBXContainerItemProxy;
			containerPortal = 28FA833C19F47B47003859CE /* Project object */;
			proxyType = 1;
			remoteGlobalIDString = 28FA834319F47B47003859CE;
			remoteInfo = SecureLoginDelegate;
		};
/* End PBXContainerItemProxy section */

/* Begin PBXFileReference section */
		28FA834419F47B47003859CE /* SecureLoginDelegate.app */ = {isa = PBXFileReference; explicitFileType = wrapper.application; includeInIndex = 0; path = SecureLoginDelegate.app; sourceTree = BUILT_PRODUCTS_DIR; };
		28FA834819F47B47003859CE /* Info.plist */ = {isa = PBXFileReference; lastKnownFileType = text.plist.xml; path = Info.plist; sourceTree = "<group>"; };
		28FA834919F47B47003859CE /* main.m */ = {isa = PBXFileReference; lastKnownFileType = sourcecode.c.objc; path = main.m; sourceTree = "<group>"; };
		28FA834B19F47B47003859CE /* AppDelegate.h */ = {isa = PBXFileReference; lastKnownFileType = sourcecode.c.h; path = AppDelegate.h; sourceTree = "<group>"; };
		28FA834C19F47B47003859CE /* AppDelegate.m */ = {isa = PBXFileReference; lastKnownFileType = sourcecode.c.objc; path = AppDelegate.m; sourceTree = "<group>"; };
		28FA835419F47B47003859CE /* Images.xcassets */ = {isa = PBXFileReference; lastKnownFileType = folder.assetcatalog; path = Images.xcassets; sourceTree = "<group>"; };
		28FA835D19F47B47003859CE /* SecureLoginDelegateTests.xctest */ = {isa = PBXFileReference; explicitFileType = wrapper.cfbundle; includeInIndex = 0; path = SecureLoginDelegateTests.xctest; sourceTree = BUILT_PRODUCTS_DIR; };
		28FA836219F47B47003859CE /* Info.plist */ = {isa = PBXFileReference; lastKnownFileType = text.plist.xml; path = Info.plist; sourceTree = "<group>"; };
		28FA836319F47B47003859CE /* SecureLoginDelegateTests.m */ = {isa = PBXFileReference; lastKnownFileType = sourcecode.c.objc; path = SecureLoginDelegateTests.m; sourceTree = "<group>"; };
		28FA836D19F47C3E003859CE /* MainWindow.xib */ = {isa = PBXFileReference; fileEncoding = 4; lastKnownFileType = file.xib; path = MainWindow.xib; sourceTree = "<group>"; };
		28FA837119F47DA2003859CE /* LoginViewController.h */ = {isa = PBXFileReference; fileEncoding = 4; lastKnownFileType = sourcecode.c.h; path = LoginViewController.h; sourceTree = "<group>"; };
		28FA837219F47DA2003859CE /* LoginViewController.m */ = {isa = PBXFileReference; fileEncoding = 4; lastKnownFileType = sourcecode.c.objc; path = LoginViewController.m; sourceTree = "<group>"; };
		28FA837519F47DC1003859CE /* ProtectedDataViewController.h */ = {isa = PBXFileReference; fileEncoding = 4; lastKnownFileType = sourcecode.c.h; path = ProtectedDataViewController.h; sourceTree = "<group>"; };
		28FA837619F47DC1003859CE /* ProtectedDataViewController.m */ = {isa = PBXFileReference; fileEncoding = 4; lastKnownFileType = sourcecode.c.objc; path = ProtectedDataViewController.m; sourceTree = "<group>"; };
		28FA837C19F483E4003859CE /* SecureDelegateNotifications.h */ = {isa = PBXFileReference; fileEncoding = 4; lastKnownFileType = sourcecode.c.h; path = SecureDelegateNotifications.h; sourceTree = "<group>"; };
		28FA837F19F483FA003859CE /* SecureDelegateNotifications.m */ = {isa = PBXFileReference; fileEncoding = 4; lastKnownFileType = sourcecode.c.objc; path = SecureDelegateNotifications.m; sourceTree = "<group>"; };
		28FA838519F55346003859CE /* SecureLoginDelegate_Prefix.pch */ = {isa = PBXFileReference; fileEncoding = 4; lastKnownFileType = sourcecode.c.h; path = SecureLoginDelegate_Prefix.pch; sourceTree = "<group>"; };
/* End PBXFileReference section */

/* Begin PBXFrameworksBuildPhase section */
		28FA834119F47B47003859CE /* Frameworks */ = {
			isa = PBXFrameworksBuildPhase;
			buildActionMask = 2147483647;
			files = (
			);
			runOnlyForDeploymentPostprocessing = 0;
		};
		28FA835A19F47B47003859CE /* Frameworks */ = {
			isa = PBXFrameworksBuildPhase;
			buildActionMask = 2147483647;
			files = (
			);
			runOnlyForDeploymentPostprocessing = 0;
		};
/* End PBXFrameworksBuildPhase section */

/* Begin PBXGroup section */
		28FA833B19F47B47003859CE = {
			isa = PBXGroup;
			children = (
				28FA834619F47B47003859CE /* SecureLoginDelegate */,
				28FA836019F47B47003859CE /* SecureLoginDelegateTests */,
				28FA834519F47B47003859CE /* Products */,
			);
			sourceTree = "<group>";
		};
		28FA834519F47B47003859CE /* Products */ = {
			isa = PBXGroup;
			children = (
				28FA834419F47B47003859CE /* SecureLoginDelegate.app */,
				28FA835D19F47B47003859CE /* SecureLoginDelegateTests.xctest */,
			);
			name = Products;
			sourceTree = "<group>";
		};
		28FA834619F47B47003859CE /* SecureLoginDelegate */ = {
			isa = PBXGroup;
			children = (
				28FA834B19F47B47003859CE /* AppDelegate.h */,
				28FA834C19F47B47003859CE /* AppDelegate.m */,
				28FA835419F47B47003859CE /* Images.xcassets */,
				28FA834719F47B47003859CE /* Supporting Files */,
				28FA836D19F47C3E003859CE /* MainWindow.xib */,
				28FA837119F47DA2003859CE /* LoginViewController.h */,
				28FA837219F47DA2003859CE /* LoginViewController.m */,
				28FA837519F47DC1003859CE /* ProtectedDataViewController.h */,
				28FA837619F47DC1003859CE /* ProtectedDataViewController.m */,
				28FA837C19F483E4003859CE /* SecureDelegateNotifications.h */,
				28FA837F19F483FA003859CE /* SecureDelegateNotifications.m */,
			);
			path = SecureLoginDelegate;
			sourceTree = "<group>";
		};
		28FA834719F47B47003859CE /* Supporting Files */ = {
			isa = PBXGroup;
			children = (
				28FA838519F55346003859CE /* SecureLoginDelegate_Prefix.pch */,
				28FA834819F47B47003859CE /* Info.plist */,
				28FA834919F47B47003859CE /* main.m */,
			);
			name = "Supporting Files";
			sourceTree = "<group>";
		};
		28FA836019F47B47003859CE /* SecureLoginDelegateTests */ = {
			isa = PBXGroup;
			children = (
				28FA836319F47B47003859CE /* SecureLoginDelegateTests.m */,
				28FA836119F47B47003859CE /* Supporting Files */,
			);
			path = SecureLoginDelegateTests;
			sourceTree = "<group>";
		};
		28FA836119F47B47003859CE /* Supporting Files */ = {
			isa = PBXGroup;
			children = (
				28FA836219F47B47003859CE /* Info.plist */,
			);
			name = "Supporting Files";
			sourceTree = "<group>";
		};
/* End PBXGroup section */

/* Begin PBXNativeTarget section */
		28FA834319F47B47003859CE /* SecureLoginDelegate */ = {
			isa = PBXNativeTarget;
			buildConfigurationList = 28FA836719F47B47003859CE /* Build configuration list for PBXNativeTarget "SecureLoginDelegate" */;
			buildPhases = (
				28FA834019F47B47003859CE /* Sources */,
				28FA834119F47B47003859CE /* Frameworks */,
				28FA834219F47B47003859CE /* Resources */,
			);
			buildRules = (
			);
			dependencies = (
			);
			name = SecureLoginDelegate;
			productName = SecureLoginDelegate;
			productReference = 28FA834419F47B47003859CE /* SecureLoginDelegate.app */;
			productType = "com.apple.product-type.application";
		};
		28FA835C19F47B47003859CE /* SecureLoginDelegateTests */ = {
			isa = PBXNativeTarget;
			buildConfigurationList = 28FA836A19F47B47003859CE /* Build configuration list for PBXNativeTarget "SecureLoginDelegateTests" */;
			buildPhases = (
				28FA835919F47B47003859CE /* Sources */,
				28FA835A19F47B47003859CE /* Frameworks */,
				28FA835B19F47B47003859CE /* Resources */,
			);
			buildRules = (
			);
			dependencies = (
				28FA835F19F47B47003859CE /* PBXTargetDependency */,
			);
			name = SecureLoginDelegateTests;
			productName = SecureLoginDelegateTests;
			productReference = 28FA835D19F47B47003859CE /* SecureLoginDelegateTests.xctest */;
			productType = "com.apple.product-type.bundle.unit-test";
		};
/* End PBXNativeTarget section */

/* Begin PBXProject section */
		28FA833C19F47B47003859CE /* Project object */ = {
			isa = PBXProject;
			attributes = {
				LastUpgradeCheck = 0600;
				ORGANIZATIONNAME = Zetetic;
				TargetAttributes = {
					28FA834319F47B47003859CE = {
						CreatedOnToolsVersion = 6.0.1;
						DevelopmentTeam = PD7G6HRMGV;
					};
					28FA835C19F47B47003859CE = {
						CreatedOnToolsVersion = 6.0.1;
						TestTargetID = 28FA834319F47B47003859CE;
					};
				};
			};
			buildConfigurationList = 28FA833F19F47B47003859CE /* Build configuration list for PBXProject "SecureLoginDelegate" */;
			compatibilityVersion = "Xcode 3.2";
			developmentRegion = English;
			hasScannedForEncodings = 0;
			knownRegions = (
				en,
				Base,
			);
			mainGroup = 28FA833B19F47B47003859CE;
			productRefGroup = 28FA834519F47B47003859CE /* Products */;
			projectDirPath = "";
			projectRoot = "";
			targets = (
				28FA834319F47B47003859CE /* SecureLoginDelegate */,
				28FA835C19F47B47003859CE /* SecureLoginDelegateTests */,
			);
		};
/* End PBXProject section */

/* Begin PBXResourcesBuildPhase section */
		28FA834219F47B47003859CE /* Resources */ = {
			isa = PBXResourcesBuildPhase;
			buildActionMask = 2147483647;
			files = (
				28FA835519F47B47003859CE /* Images.xcassets in Resources */,
				28FA836E19F47C3E003859CE /* MainWindow.xib in Resources */,
			);
			runOnlyForDeploymentPostprocessing = 0;
		};
		28FA835B19F47B47003859CE /* Resources */ = {
			isa = PBXResourcesBuildPhase;
			buildActionMask = 2147483647;
			files = (
			);
			runOnlyForDeploymentPostprocessing = 0;
		};
/* End PBXResourcesBuildPhase section */

/* Begin PBXSourcesBuildPhase section */
		28FA834019F47B47003859CE /* Sources */ = {
			isa = PBXSourcesBuildPhase;
			buildActionMask = 2147483647;
			files = (
				28FA834D19F47B47003859CE /* AppDelegate.m in Sources */,
				28FA834A19F47B47003859CE /* main.m in Sources */,
				28FA837319F47DA2003859CE /* LoginViewController.m in Sources */,
				28FA838019F483FA003859CE /* SecureDelegateNotifications.m in Sources */,
				28FA837719F47DC1003859CE /* ProtectedDataViewController.m in Sources */,
			);
			runOnlyForDeploymentPostprocessing = 0;
		};
		28FA835919F47B47003859CE /* Sources */ = {
			isa = PBXSourcesBuildPhase;
			buildActionMask = 2147483647;
			files = (
				28FA838119F483FA003859CE /* SecureDelegateNotifications.m in Sources */,
				28FA837819F47DC1003859CE /* ProtectedDataViewController.m in Sources */,
				28FA837419F47DA2003859CE /* LoginViewController.m in Sources */,
				28FA836419F47B47003859CE /* SecureLoginDelegateTests.m in Sources */,
			);
			runOnlyForDeploymentPostprocessing = 0;
		};
/* End PBXSourcesBuildPhase section */

/* Begin PBXTargetDependency section */
		28FA835F19F47B47003859CE /* PBXTargetDependency */ = {
			isa = PBXTargetDependency;
			target = 28FA834319F47B47003859CE /* SecureLoginDelegate */;
			targetProxy = 28FA835E19F47B47003859CE /* PBXContainerItemProxy */;
		};
/* End PBXTargetDependency section */

/* Begin XCBuildConfiguration section */
		28FA836519F47B47003859CE /* Debug */ = {
			isa = XCBuildConfiguration;
			buildSettings = {
				ALWAYS_SEARCH_USER_PATHS = NO;
				CLANG_CXX_LANGUAGE_STANDARD = "gnu++0x";
				CLANG_CXX_LIBRARY = "libc++";
				CLANG_ENABLE_MODULES = YES;
				CLANG_ENABLE_OBJC_ARC = YES;
				CLANG_WARN_BOOL_CONVERSION = YES;
				CLANG_WARN_CONSTANT_CONVERSION = YES;
				CLANG_WARN_DIRECT_OBJC_ISA_USAGE = YES_ERROR;
				CLANG_WARN_EMPTY_BODY = YES;
				CLANG_WARN_ENUM_CONVERSION = YES;
				CLANG_WARN_INT_CONVERSION = YES;
				CLANG_WARN_OBJC_ROOT_CLASS = YES_ERROR;
				CLANG_WARN_UNREACHABLE_CODE = YES;
				CLANG_WARN__DUPLICATE_METHOD_MATCH = YES;
				"CODE_SIGN_IDENTITY[sdk=iphoneos*]" = "iPhone Developer";
				COPY_PHASE_STRIP = NO;
				ENABLE_STRICT_OBJC_MSGSEND = YES;
				GCC_C_LANGUAGE_STANDARD = gnu99;
				GCC_DYNAMIC_NO_PIC = NO;
				GCC_OPTIMIZATION_LEVEL = 0;
				GCC_PRECOMPILE_PREFIX_HEADER = YES;
				GCC_PREPROCESSOR_DEFINITIONS = (
					"DEBUG=1",
					"$(inherited)",
				);
				GCC_SYMBOLS_PRIVATE_EXTERN = NO;
				GCC_WARN_64_TO_32_BIT_CONVERSION = YES;
				GCC_WARN_ABOUT_RETURN_TYPE = YES_ERROR;
				GCC_WARN_UNDECLARED_SELECTOR = YES;
				GCC_WARN_UNINITIALIZED_AUTOS = YES_AGGRESSIVE;
				GCC_WARN_UNUSED_FUNCTION = YES;
				GCC_WARN_UNUSED_VARIABLE = YES;
				IPHONEOS_DEPLOYMENT_TARGET = 7.0;
				MTL_ENABLE_DEBUG_INFO = YES;
				ONLY_ACTIVE_ARCH = YES;
				SDKROOT = iphoneos;
				TARGETED_DEVICE_FAMILY = "1,2";
			};
			name = Debug;
		};
		28FA836619F47B47003859CE /* Release */ = {
			isa = XCBuildConfiguration;
			buildSettings = {
				ALWAYS_SEARCH_USER_PATHS = NO;
				CLANG_CXX_LANGUAGE_STANDARD = "gnu++0x";
				CLANG_CXX_LIBRARY = "libc++";
				CLANG_ENABLE_MODULES = YES;
				CLANG_ENABLE_OBJC_ARC = YES;
				CLANG_WARN_BOOL_CONVERSION = YES;
				CLANG_WARN_CONSTANT_CONVERSION = YES;
				CLANG_WARN_DIRECT_OBJC_ISA_USAGE = YES_ERROR;
				CLANG_WARN_EMPTY_BODY = YES;
				CLANG_WARN_ENUM_CONVERSION = YES;
				CLANG_WARN_INT_CONVERSION = YES;
				CLANG_WARN_OBJC_ROOT_CLASS = YES_ERROR;
				CLANG_WARN_UNREACHABLE_CODE = YES;
				CLANG_WARN__DUPLICATE_METHOD_MATCH = YES;
				"CODE_SIGN_IDENTITY[sdk=iphoneos*]" = "iPhone Developer";
				COPY_PHASE_STRIP = YES;
				ENABLE_NS_ASSERTIONS = NO;
				ENABLE_STRICT_OBJC_MSGSEND = YES;
				GCC_C_LANGUAGE_STANDARD = gnu99;
				GCC_PRECOMPILE_PREFIX_HEADER = YES;
				GCC_WARN_64_TO_32_BIT_CONVERSION = YES;
				GCC_WARN_ABOUT_RETURN_TYPE = YES_ERROR;
				GCC_WARN_UNDECLARED_SELECTOR = YES;
				GCC_WARN_UNINITIALIZED_AUTOS = YES_AGGRESSIVE;
				GCC_WARN_UNUSED_FUNCTION = YES;
				GCC_WARN_UNUSED_VARIABLE = YES;
				IPHONEOS_DEPLOYMENT_TARGET = 7.0;
				MTL_ENABLE_DEBUG_INFO = NO;
				SDKROOT = iphoneos;
				TARGETED_DEVICE_FAMILY = "1,2";
				VALIDATE_PRODUCT = YES;
			};
			name = Release;
		};
		28FA836819F47B47003859CE /* Debug */ = {
			isa = XCBuildConfiguration;
			buildSettings = {
				ASSETCATALOG_COMPILER_APPICON_NAME = AppIcon;
				CODE_SIGN_IDENTITY = "iPhone Developer";
				INFOPLIST_FILE = SecureLoginDelegate/Info.plist;
				LD_RUNPATH_SEARCH_PATHS = "$(inherited) @executable_path/Frameworks";
				PRODUCT_NAME = "$(TARGET_NAME)";
			};
			name = Debug;
		};
		28FA836919F47B47003859CE /* Release */ = {
			isa = XCBuildConfiguration;
			buildSettings = {
				ASSETCATALOG_COMPILER_APPICON_NAME = AppIcon;
				CODE_SIGN_IDENTITY = "iPhone Developer";
				INFOPLIST_FILE = SecureLoginDelegate/Info.plist;
				LD_RUNPATH_SEARCH_PATHS = "$(inherited) @executable_path/Frameworks";
				PRODUCT_NAME = "$(TARGET_NAME)";
			};
			name = Release;
		};
		28FA836B19F47B47003859CE /* Debug */ = {
			isa = XCBuildConfiguration;
			buildSettings = {
				BUNDLE_LOADER = "$(TEST_HOST)";
				FRAMEWORK_SEARCH_PATHS = (
					"$(SDKROOT)/Developer/Library/Frameworks",
					"$(inherited)",
				);
				GCC_PREPROCESSOR_DEFINITIONS = (
					"DEBUG=1",
					"$(inherited)",
				);
				INFOPLIST_FILE = SecureLoginDelegateTests/Info.plist;
				LD_RUNPATH_SEARCH_PATHS = "$(inherited) @executable_path/Frameworks @loader_path/Frameworks";
				PRODUCT_NAME = "$(TARGET_NAME)";
				TEST_HOST = "$(BUILT_PRODUCTS_DIR)/SecureLoginDelegate.app/SecureLoginDelegate";
			};
			name = Debug;
		};
		28FA836C19F47B47003859CE /* Release */ = {
			isa = XCBuildConfiguration;
			buildSettings = {
				BUNDLE_LOADER = "$(TEST_HOST)";
				FRAMEWORK_SEARCH_PATHS = (
					"$(SDKROOT)/Developer/Library/Frameworks",
					"$(inherited)",
				);
				INFOPLIST_FILE = SecureLoginDelegateTests/Info.plist;
				LD_RUNPATH_SEARCH_PATHS = "$(inherited) @executable_path/Frameworks @loader_path/Frameworks";
				PRODUCT_NAME = "$(TARGET_NAME)";
				TEST_HOST = "$(BUILT_PRODUCTS_DIR)/SecureLoginDelegate.app/SecureLoginDelegate";
			};
			name = Release;
		};
/* End XCBuildConfiguration section */

/* Begin XCConfigurationList section */
		28FA833F19F47B47003859CE /* Build configuration list for PBXProject "SecureLoginDelegate" */ = {
			isa = XCConfigurationList;
			buildConfigurations = (
				28FA836519F47B47003859CE /* Debug */,
				28FA836619F47B47003859CE /* Release */,
			);
			defaultConfigurationIsVisible = 0;
			defaultConfigurationName = Release;
		};
		28FA836719F47B47003859CE /* Build configuration list for PBXNativeTarget "SecureLoginDelegate" */ = {
			isa = XCConfigurationList;
			buildConfigurations = (
				28FA836819F47B47003859CE /* Debug */,
				28FA836919F47B47003859CE /* Release */,
			);
			defaultConfigurationIsVisible = 0;
		};
		28FA836A19F47B47003859CE /* Build configuration list for PBXNativeTarget "SecureLoginDelegateTests" */ = {
			isa = XCConfigurationList;
			buildConfigurations = (
				28FA836B19F47B47003859CE /* Debug */,
				28FA836C19F47B47003859CE /* Release */,
			);
			defaultConfigurationIsVisible = 0;
		};
/* End XCConfigurationList section */
	};
	rootObject = 28FA833C19F47B47003859CE /* Project object */;
}
